// !$*UTF8*$!
{
	archiveVersion = 1;
	classes = {
	};
	objectVersion = 48;
	objects = {

/* Begin PBXBuildFile section */
		221629AB1FBA7D45002BC806 /* AppDelegate.m in Sources */ = {isa = PBXBuildFile; fileRef = 221629AA1FBA7D45002BC806 /* AppDelegate.m */; };
		221629AE1FBA7D45002BC806 /* ViewController.m in Sources */ = {isa = PBXBuildFile; fileRef = 221629AD1FBA7D45002BC806 /* ViewController.m */; };
		221629B11FBA7D45002BC806 /* Main.storyboard in Resources */ = {isa = PBXBuildFile; fileRef = 221629AF1FBA7D45002BC806 /* Main.storyboard */; };
		221629B41FBA7D46002BC806 /* TestProject_NativeAdvanced.xcdatamodeld in Sources */ = {isa = PBXBuildFile; fileRef = 221629B21FBA7D46002BC806 /* TestProject_NativeAdvanced.xcdatamodeld */; };
		221629B61FBA7D46002BC806 /* Assets.xcassets in Resources */ = {isa = PBXBuildFile; fileRef = 221629B51FBA7D46002BC806 /* Assets.xcassets */; };
		221629B91FBA7D46002BC806 /* LaunchScreen.storyboard in Resources */ = {isa = PBXBuildFile; fileRef = 221629B71FBA7D46002BC806 /* LaunchScreen.storyboard */; };
		221629BC1FBA7D46002BC806 /* main.m in Sources */ = {isa = PBXBuildFile; fileRef = 221629BB1FBA7D46002BC806 /* main.m */; };
		221629C61FBA7D46002BC806 /* TestProject_NativeAdvancedTests.m in Sources */ = {isa = PBXBuildFile; fileRef = 221629C51FBA7D46002BC806 /* TestProject_NativeAdvancedTests.m */; };
		221629D11FBA7D46002BC806 /* TestProject_NativeAdvancedUITests.m in Sources */ = {isa = PBXBuildFile; fileRef = 221629D01FBA7D46002BC806 /* TestProject_NativeAdvancedUITests.m */; };
		221629DF1FBA7DBB002BC806 /* GoogleMobileAds.framework in Frameworks */ = {isa = PBXBuildFile; fileRef = 221629DE1FBA7DBA002BC806 /* GoogleMobileAds.framework */; };
/* End PBXBuildFile section */

/* Begin PBXContainerItemProxy section */
		221629C21FBA7D46002BC806 /* PBXContainerItemProxy */ = {
			isa = PBXContainerItemProxy;
			containerPortal = 2216299E1FBA7D45002BC806 /* Project object */;
			proxyType = 1;
			remoteGlobalIDString = 221629A51FBA7D45002BC806;
			remoteInfo = TestProject_NativeAdvanced;
		};
		221629CD1FBA7D46002BC806 /* PBXContainerItemProxy */ = {
			isa = PBXContainerItemProxy;
			containerPortal = 2216299E1FBA7D45002BC806 /* Project object */;
			proxyType = 1;
			remoteGlobalIDString = 221629A51FBA7D45002BC806;
			remoteInfo = TestProject_NativeAdvanced;
		};
/* End PBXContainerItemProxy section */

/* Begin PBXFileReference section */
		221629A61FBA7D45002BC806 /* TestProject_NativeAdvanced.app */ = {isa = PBXFileReference; explicitFileType = wrapper.application; includeInIndex = 0; path = TestProject_NativeAdvanced.app; sourceTree = BUILT_PRODUCTS_DIR; };
		221629A91FBA7D45002BC806 /* AppDelegate.h */ = {isa = PBXFileReference; lastKnownFileType = sourcecode.c.h; path = AppDelegate.h; sourceTree = "<group>"; };
		221629AA1FBA7D45002BC806 /* AppDelegate.m */ = {isa = PBXFileReference; lastKnownFileType = sourcecode.c.objc; path = AppDelegate.m; sourceTree = "<group>"; };
		221629AC1FBA7D45002BC806 /* ViewController.h */ = {isa = PBXFileReference; lastKnownFileType = sourcecode.c.h; path = ViewController.h; sourceTree = "<group>"; };
		221629AD1FBA7D45002BC806 /* ViewController.m */ = {isa = PBXFileReference; lastKnownFileType = sourcecode.c.objc; path = ViewController.m; sourceTree = "<group>"; };
		221629B01FBA7D45002BC806 /* Base */ = {isa = PBXFileReference; lastKnownFileType = file.storyboard; name = Base; path = Base.lproj/Main.storyboard; sourceTree = "<group>"; };
		221629B31FBA7D46002BC806 /* TestProject_NativeAdvanced.xcdatamodel */ = {isa = PBXFileReference; lastKnownFileType = wrapper.xcdatamodel; path = TestProject_NativeAdvanced.xcdatamodel; sourceTree = "<group>"; };
		221629B51FBA7D46002BC806 /* Assets.xcassets */ = {isa = PBXFileReference; lastKnownFileType = folder.assetcatalog; path = Assets.xcassets; sourceTree = "<group>"; };
		221629B81FBA7D46002BC806 /* Base */ = {isa = PBXFileReference; lastKnownFileType = file.storyboard; name = Base; path = Base.lproj/LaunchScreen.storyboard; sourceTree = "<group>"; };
		221629BA1FBA7D46002BC806 /* Info.plist */ = {isa = PBXFileReference; lastKnownFileType = text.plist.xml; path = Info.plist; sourceTree = "<group>"; };
		221629BB1FBA7D46002BC806 /* main.m */ = {isa = PBXFileReference; lastKnownFileType = sourcecode.c.objc; path = main.m; sourceTree = "<group>"; };
		221629C11FBA7D46002BC806 /* TestProject_NativeAdvancedTests.xctest */ = {isa = PBXFileReference; explicitFileType = wrapper.cfbundle; includeInIndex = 0; path = TestProject_NativeAdvancedTests.xctest; sourceTree = BUILT_PRODUCTS_DIR; };
		221629C51FBA7D46002BC806 /* TestProject_NativeAdvancedTests.m */ = {isa = PBXFileReference; lastKnownFileType = sourcecode.c.objc; path = TestProject_NativeAdvancedTests.m; sourceTree = "<group>"; };
		221629C71FBA7D46002BC806 /* Info.plist */ = {isa = PBXFileReference; lastKnownFileType = text.plist.xml; path = Info.plist; sourceTree = "<group>"; };
		221629CC1FBA7D46002BC806 /* TestProject_NativeAdvancedUITests.xctest */ = {isa = PBXFileReference; explicitFileType = wrapper.cfbundle; includeInIndex = 0; path = TestProject_NativeAdvancedUITests.xctest; sourceTree = BUILT_PRODUCTS_DIR; };
		221629D01FBA7D46002BC806 /* TestProject_NativeAdvancedUITests.m */ = {isa = PBXFileReference; lastKnownFileType = sourcecode.c.objc; path = TestProject_NativeAdvancedUITests.m; sourceTree = "<group>"; };
		221629D21FBA7D46002BC806 /* Info.plist */ = {isa = PBXFileReference; lastKnownFileType = text.plist.xml; path = Info.plist; sourceTree = "<group>"; };
		221629DE1FBA7DBA002BC806 /* GoogleMobileAds.framework */ = {isa = PBXFileReference; lastKnownFileType = wrapper.framework; path = GoogleMobileAds.framework; sourceTree = "<group>"; };
/* End PBXFileReference section */

/* Begin PBXFrameworksBuildPhase section */
		221629A31FBA7D45002BC806 /* Frameworks */ = {
			isa = PBXFrameworksBuildPhase;
			buildActionMask = 2147483647;
			files = (
				221629DF1FBA7DBB002BC806 /* GoogleMobileAds.framework in Frameworks */,
			);
			runOnlyForDeploymentPostprocessing = 0;
		};
		221629BE1FBA7D46002BC806 /* Frameworks */ = {
			isa = PBXFrameworksBuildPhase;
			buildActionMask = 2147483647;
			files = (
			);
			runOnlyForDeploymentPostprocessing = 0;
		};
		221629C91FBA7D46002BC806 /* Frameworks */ = {
			isa = PBXFrameworksBuildPhase;
			buildActionMask = 2147483647;
			files = (
			);
			runOnlyForDeploymentPostprocessing = 0;
		};
/* End PBXFrameworksBuildPhase section */

/* Begin PBXGroup section */
		2216299D1FBA7D45002BC806 = {
			isa = PBXGroup;
			children = (
				221629DE1FBA7DBA002BC806 /* GoogleMobileAds.framework */,
				221629A81FBA7D45002BC806 /* TestProject_NativeAdvanced */,
				221629C41FBA7D46002BC806 /* TestProject_NativeAdvancedTests */,
				221629CF1FBA7D46002BC806 /* TestProject_NativeAdvancedUITests */,
				221629A71FBA7D45002BC806 /* Products */,
			);
			sourceTree = "<group>";
		};
		221629A71FBA7D45002BC806 /* Products */ = {
			isa = PBXGroup;
			children = (
				221629A61FBA7D45002BC806 /* TestProject_NativeAdvanced.app */,
				221629C11FBA7D46002BC806 /* TestProject_NativeAdvancedTests.xctest */,
				221629CC1FBA7D46002BC806 /* TestProject_NativeAdvancedUITests.xctest */,
			);
			name = Products;
			sourceTree = "<group>";
		};
		221629A81FBA7D45002BC806 /* TestProject_NativeAdvanced */ = {
			isa = PBXGroup;
			children = (
				221629A91FBA7D45002BC806 /* AppDelegate.h */,
				221629AA1FBA7D45002BC806 /* AppDelegate.m */,
				221629AC1FBA7D45002BC806 /* ViewController.h */,
				221629AD1FBA7D45002BC806 /* ViewController.m */,
				221629AF1FBA7D45002BC806 /* Main.storyboard */,
				221629B51FBA7D46002BC806 /* Assets.xcassets */,
				221629B71FBA7D46002BC806 /* LaunchScreen.storyboard */,
				221629BA1FBA7D46002BC806 /* Info.plist */,
				221629BB1FBA7D46002BC806 /* main.m */,
				221629B21FBA7D46002BC806 /* TestProject_NativeAdvanced.xcdatamodeld */,
			);
			path = TestProject_NativeAdvanced;
			sourceTree = "<group>";
		};
		221629C41FBA7D46002BC806 /* TestProject_NativeAdvancedTests */ = {
			isa = PBXGroup;
			children = (
				221629C51FBA7D46002BC806 /* TestProject_NativeAdvancedTests.m */,
				221629C71FBA7D46002BC806 /* Info.plist */,
			);
			path = TestProject_NativeAdvancedTests;
			sourceTree = "<group>";
		};
		221629CF1FBA7D46002BC806 /* TestProject_NativeAdvancedUITests */ = {
			isa = PBXGroup;
			children = (
				221629D01FBA7D46002BC806 /* TestProject_NativeAdvancedUITests.m */,
				221629D21FBA7D46002BC806 /* Info.plist */,
			);
			path = TestProject_NativeAdvancedUITests;
			sourceTree = "<group>";
		};
/* End PBXGroup section */

/* Begin PBXNativeTarget section */
		221629A51FBA7D45002BC806 /* TestProject_NativeAdvanced */ = {
			isa = PBXNativeTarget;
			buildConfigurationList = 221629D51FBA7D46002BC806 /* Build configuration list for PBXNativeTarget "TestProject_NativeAdvanced" */;
			buildPhases = (
				221629A21FBA7D45002BC806 /* Sources */,
				221629A31FBA7D45002BC806 /* Frameworks */,
				221629A41FBA7D45002BC806 /* Resources */,
			);
			buildRules = (
			);
			dependencies = (
			);
			name = TestProject_NativeAdvanced;
			productName = TestProject_NativeAdvanced;
			productReference = 221629A61FBA7D45002BC806 /* TestProject_NativeAdvanced.app */;
			productType = "com.apple.product-type.application";
		};
		221629C01FBA7D46002BC806 /* TestProject_NativeAdvancedTests */ = {
			isa = PBXNativeTarget;
			buildConfigurationList = 221629D81FBA7D46002BC806 /* Build configuration list for PBXNativeTarget "TestProject_NativeAdvancedTests" */;
			buildPhases = (
				221629BD1FBA7D46002BC806 /* Sources */,
				221629BE1FBA7D46002BC806 /* Frameworks */,
				221629BF1FBA7D46002BC806 /* Resources */,
			);
			buildRules = (
			);
			dependencies = (
				221629C31FBA7D46002BC806 /* PBXTargetDependency */,
			);
			name = TestProject_NativeAdvancedTests;
			productName = TestProject_NativeAdvancedTests;
			productReference = 221629C11FBA7D46002BC806 /* TestProject_NativeAdvancedTests.xctest */;
			productType = "com.apple.product-type.bundle.unit-test";
		};
		221629CB1FBA7D46002BC806 /* TestProject_NativeAdvancedUITests */ = {
			isa = PBXNativeTarget;
			buildConfigurationList = 221629DB1FBA7D46002BC806 /* Build configuration list for PBXNativeTarget "TestProject_NativeAdvancedUITests" */;
			buildPhases = (
				221629C81FBA7D46002BC806 /* Sources */,
				221629C91FBA7D46002BC806 /* Frameworks */,
				221629CA1FBA7D46002BC806 /* Resources */,
			);
			buildRules = (
			);
			dependencies = (
				221629CE1FBA7D46002BC806 /* PBXTargetDependency */,
			);
			name = TestProject_NativeAdvancedUITests;
			productName = TestProject_NativeAdvancedUITests;
			productReference = 221629CC1FBA7D46002BC806 /* TestProject_NativeAdvancedUITests.xctest */;
			productType = "com.apple.product-type.bundle.ui-testing";
		};
/* End PBXNativeTarget section */

/* Begin PBXProject section */
		2216299E1FBA7D45002BC806 /* Project object */ = {
			isa = PBXProject;
			attributes = {
				LastUpgradeCheck = 0900;
				ORGANIZATIONNAME = cf;
				TargetAttributes = {
					221629A51FBA7D45002BC806 = {
						CreatedOnToolsVersion = 9.0.1;
						ProvisioningStyle = Automatic;
					};
					221629C01FBA7D46002BC806 = {
						CreatedOnToolsVersion = 9.0.1;
						ProvisioningStyle = Automatic;
						TestTargetID = 221629A51FBA7D45002BC806;
					};
					221629CB1FBA7D46002BC806 = {
						CreatedOnToolsVersion = 9.0.1;
						ProvisioningStyle = Automatic;
						TestTargetID = 221629A51FBA7D45002BC806;
					};
				};
			};
			buildConfigurationList = 221629A11FBA7D45002BC806 /* Build configuration list for PBXProject "TestProject_NativeAdvanced" */;
			compatibilityVersion = "Xcode 8.0";
			developmentRegion = en;
			hasScannedForEncodings = 0;
			knownRegions = (
				en,
				Base,
			);
			mainGroup = 2216299D1FBA7D45002BC806;
			productRefGroup = 221629A71FBA7D45002BC806 /* Products */;
			projectDirPath = "";
			projectRoot = "";
			targets = (
				221629A51FBA7D45002BC806 /* TestProject_NativeAdvanced */,
				221629C01FBA7D46002BC806 /* TestProject_NativeAdvancedTests */,
				221629CB1FBA7D46002BC806 /* TestProject_NativeAdvancedUITests */,
			);
		};
/* End PBXProject section */

/* Begin PBXResourcesBuildPhase section */
		221629A41FBA7D45002BC806 /* Resources */ = {
			isa = PBXResourcesBuildPhase;
			buildActionMask = 2147483647;
			files = (
				221629B91FBA7D46002BC806 /* LaunchScreen.storyboard in Resources */,
				221629B61FBA7D46002BC806 /* Assets.xcassets in Resources */,
				221629B11FBA7D45002BC806 /* Main.storyboard in Resources */,
			);
			runOnlyForDeploymentPostprocessing = 0;
		};
		221629BF1FBA7D46002BC806 /* Resources */ = {
			isa = PBXResourcesBuildPhase;
			buildActionMask = 2147483647;
			files = (
			);
			runOnlyForDeploymentPostprocessing = 0;
		};
		221629CA1FBA7D46002BC806 /* Resources */ = {
			isa = PBXResourcesBuildPhase;
			buildActionMask = 2147483647;
			files = (
			);
			runOnlyForDeploymentPostprocessing = 0;
		};
/* End PBXResourcesBuildPhase section */

/* Begin PBXSourcesBuildPhase section */
		221629A21FBA7D45002BC806 /* Sources */ = {
			isa = PBXSourcesBuildPhase;
			buildActionMask = 2147483647;
			files = (
				221629AE1FBA7D45002BC806 /* ViewController.m in Sources */,
				221629AB1FBA7D45002BC806 /* AppDelegate.m in Sources */,
				221629BC1FBA7D46002BC806 /* main.m in Sources */,
				221629B41FBA7D46002BC806 /* TestProject_NativeAdvanced.xcdatamodeld in Sources */,
			);
			runOnlyForDeploymentPostprocessing = 0;
		};
		221629BD1FBA7D46002BC806 /* Sources */ = {
			isa = PBXSourcesBuildPhase;
			buildActionMask = 2147483647;
			files = (
				221629C61FBA7D46002BC806 /* TestProject_NativeAdvancedTests.m in Sources */,
			);
			runOnlyForDeploymentPostprocessing = 0;
		};
		221629C81FBA7D46002BC806 /* Sources */ = {
			isa = PBXSourcesBuildPhase;
			buildActionMask = 2147483647;
			files = (
				221629D11FBA7D46002BC806 /* TestProject_NativeAdvancedUITests.m in Sources */,
			);
			runOnlyForDeploymentPostprocessing = 0;
		};
/* End PBXSourcesBuildPhase section */

/* Begin PBXTargetDependency section */
		221629C31FBA7D46002BC806 /* PBXTargetDependency */ = {
			isa = PBXTargetDependency;
			target = 221629A51FBA7D45002BC806 /* TestProject_NativeAdvanced */;
			targetProxy = 221629C21FBA7D46002BC806 /* PBXContainerItemProxy */;
		};
		221629CE1FBA7D46002BC806 /* PBXTargetDependency */ = {
			isa = PBXTargetDependency;
			target = 221629A51FBA7D45002BC806 /* TestProject_NativeAdvanced */;
			targetProxy = 221629CD1FBA7D46002BC806 /* PBXContainerItemProxy */;
		};
/* End PBXTargetDependency section */

/* Begin PBXVariantGroup section */
		221629AF1FBA7D45002BC806 /* Main.storyboard */ = {
			isa = PBXVariantGroup;
			children = (
				221629B01FBA7D45002BC806 /* Base */,
			);
			name = Main.storyboard;
			sourceTree = "<group>";
		};
		221629B71FBA7D46002BC806 /* LaunchScreen.storyboard */ = {
			isa = PBXVariantGroup;
			children = (
				221629B81FBA7D46002BC806 /* Base */,
			);
			name = LaunchScreen.storyboard;
			sourceTree = "<group>";
		};
/* End PBXVariantGroup section */

/* Begin XCBuildConfiguration section */
		221629D31FBA7D46002BC806 /* Debug */ = {
			isa = XCBuildConfiguration;
			buildSettings = {
				ALWAYS_SEARCH_USER_PATHS = NO;
				CLANG_ANALYZER_NONNULL = YES;
				CLANG_ANALYZER_NUMBER_OBJECT_CONVERSION = YES_AGGRESSIVE;
				CLANG_CXX_LANGUAGE_STANDARD = "gnu++14";
				CLANG_CXX_LIBRARY = "libc++";
				CLANG_ENABLE_MODULES = YES;
				CLANG_ENABLE_OBJC_ARC = YES;
				CLANG_WARN_BLOCK_CAPTURE_AUTORELEASING = YES;
				CLANG_WARN_BOOL_CONVERSION = YES;
				CLANG_WARN_COMMA = YES;
				CLANG_WARN_CONSTANT_CONVERSION = YES;
				CLANG_WARN_DIRECT_OBJC_ISA_USAGE = YES_ERROR;
				CLANG_WARN_DOCUMENTATION_COMMENTS = YES;
				CLANG_WARN_EMPTY_BODY = YES;
				CLANG_WARN_ENUM_CONVERSION = YES;
				CLANG_WARN_INFINITE_RECURSION = YES;
				CLANG_WARN_INT_CONVERSION = YES;
				CLANG_WARN_NON_LITERAL_NULL_CONVERSION = YES;
				CLANG_WARN_OBJC_LITERAL_CONVERSION = YES;
				CLANG_WARN_OBJC_ROOT_CLASS = YES_ERROR;
				CLANG_WARN_RANGE_LOOP_ANALYSIS = YES;
				CLANG_WARN_STRICT_PROTOTYPES = YES;
				CLANG_WARN_SUSPICIOUS_MOVE = YES;
				CLANG_WARN_UNGUARDED_AVAILABILITY = YES_AGGRESSIVE;
				CLANG_WARN_UNREACHABLE_CODE = YES;
				CLANG_WARN__DUPLICATE_METHOD_MATCH = YES;
				CODE_SIGN_IDENTITY = "iPhone Developer";
				COPY_PHASE_STRIP = NO;
				DEBUG_INFORMATION_FORMAT = dwarf;
				ENABLE_STRICT_OBJC_MSGSEND = YES;
				ENABLE_TESTABILITY = YES;
				GCC_C_LANGUAGE_STANDARD = gnu11;
				GCC_DYNAMIC_NO_PIC = NO;
				GCC_NO_COMMON_BLOCKS = YES;
				GCC_OPTIMIZATION_LEVEL = 0;
				GCC_PREPROCESSOR_DEFINITIONS = (
					"DEBUG=1",
					"$(inherited)",
				);
				GCC_WARN_64_TO_32_BIT_CONVERSION = YES;
				GCC_WARN_ABOUT_RETURN_TYPE = YES_ERROR;
				GCC_WARN_UNDECLARED_SELECTOR = YES;
				GCC_WARN_UNINITIALIZED_AUTOS = YES_AGGRESSIVE;
				GCC_WARN_UNUSED_FUNCTION = YES;
				GCC_WARN_UNUSED_VARIABLE = YES;
				IPHONEOS_DEPLOYMENT_TARGET = 11.0;
				MTL_ENABLE_DEBUG_INFO = YES;
				ONLY_ACTIVE_ARCH = YES;
				SDKROOT = iphoneos;
			};
			name = Debug;
		};
		221629D41FBA7D46002BC806 /* Release */ = {
			isa = XCBuildConfiguration;
			buildSettings = {
				ALWAYS_SEARCH_USER_PATHS = NO;
				CLANG_ANALYZER_NONNULL = YES;
				CLANG_ANALYZER_NUMBER_OBJECT_CONVERSION = YES_AGGRESSIVE;
				CLANG_CXX_LANGUAGE_STANDARD = "gnu++14";
				CLANG_CXX_LIBRARY = "libc++";
				CLANG_ENABLE_MODULES = YES;
				CLANG_ENABLE_OBJC_ARC = YES;
				CLANG_WARN_BLOCK_CAPTURE_AUTORELEASING = YES;
				CLANG_WARN_BOOL_CONVERSION = YES;
				CLANG_WARN_COMMA = YES;
				CLANG_WARN_CONSTANT_CONVERSION = YES;
				CLANG_WARN_DIRECT_OBJC_ISA_USAGE = YES_ERROR;
				CLANG_WARN_DOCUMENTATION_COMMENTS = YES;
				CLANG_WARN_EMPTY_BODY = YES;
				CLANG_WARN_ENUM_CONVERSION = YES;
				CLANG_WARN_INFINITE_RECURSION = YES;
				CLANG_WARN_INT_CONVERSION = YES;
				CLANG_WARN_NON_LITERAL_NULL_CONVERSION = YES;
				CLANG_WARN_OBJC_LITERAL_CONVERSION = YES;
				CLANG_WARN_OBJC_ROOT_CLASS = YES_ERROR;
				CLANG_WARN_RANGE_LOOP_ANALYSIS = YES;
				CLANG_WARN_STRICT_PROTOTYPES = YES;
				CLANG_WARN_SUSPICIOUS_MOVE = YES;
				CLANG_WARN_UNGUARDED_AVAILABILITY = YES_AGGRESSIVE;
				CLANG_WARN_UNREACHABLE_CODE = YES;
				CLANG_WARN__DUPLICATE_METHOD_MATCH = YES;
				CODE_SIGN_IDENTITY = "iPhone Developer";
				COPY_PHASE_STRIP = NO;
				DEBUG_INFORMATION_FORMAT = "dwarf-with-dsym";
				ENABLE_NS_ASSERTIONS = NO;
				ENABLE_STRICT_OBJC_MSGSEND = YES;
				GCC_C_LANGUAGE_STANDARD = gnu11;
				GCC_NO_COMMON_BLOCKS = YES;
				GCC_WARN_64_TO_32_BIT_CONVERSION = YES;
				GCC_WARN_ABOUT_RETURN_TYPE = YES_ERROR;
				GCC_WARN_UNDECLARED_SELECTOR = YES;
				GCC_WARN_UNINITIALIZED_AUTOS = YES_AGGRESSIVE;
				GCC_WARN_UNUSED_FUNCTION = YES;
				GCC_WARN_UNUSED_VARIABLE = YES;
				IPHONEOS_DEPLOYMENT_TARGET = 11.0;
				MTL_ENABLE_DEBUG_INFO = NO;
				SDKROOT = iphoneos;
				VALIDATE_PRODUCT = YES;
			};
			name = Release;
		};
		221629D61FBA7D46002BC806 /* Debug */ = {
			isa = XCBuildConfiguration;
			buildSettings = {
				ASSETCATALOG_COMPILER_APPICON_NAME = AppIcon;
				CODE_SIGN_STYLE = Automatic;
				FRAMEWORK_SEARCH_PATHS = (
					"$(inherited)",
					"$(PROJECT_DIR)",
				);
				INFOPLIST_FILE = TestProject_NativeAdvanced/Info.plist;
				LD_RUNPATH_SEARCH_PATHS = "$(inherited) @executable_path/Frameworks";
				PRODUCT_BUNDLE_IDENTIFIER = "com.Click.Force.TestProject-NativeAdvanced";
				PRODUCT_NAME = "$(TARGET_NAME)";
				TARGETED_DEVICE_FAMILY = "1,2";
			};
			name = Debug;
		};
		221629D71FBA7D46002BC806 /* Release */ = {
			isa = XCBuildConfiguration;
			buildSettings = {
				ASSETCATALOG_COMPILER_APPICON_NAME = AppIcon;
				CODE_SIGN_STYLE = Automatic;
				FRAMEWORK_SEARCH_PATHS = (
					"$(inherited)",
					"$(PROJECT_DIR)",
				);
				INFOPLIST_FILE = TestProject_NativeAdvanced/Info.plist;
				LD_RUNPATH_SEARCH_PATHS = "$(inherited) @executable_path/Frameworks";
				PRODUCT_BUNDLE_IDENTIFIER = "com.Click.Force.TestProject-NativeAdvanced";
				PRODUCT_NAME = "$(TARGET_NAME)";
				TARGETED_DEVICE_FAMILY = "1,2";
			};
			name = Release;
		};
		221629D91FBA7D46002BC806 /* Debug */ = {
			isa = XCBuildConfiguration;
			buildSettings = {
				BUNDLE_LOADER = "$(TEST_HOST)";
				CODE_SIGN_STYLE = Automatic;
				INFOPLIST_FILE = TestProject_NativeAdvancedTests/Info.plist;
				LD_RUNPATH_SEARCH_PATHS = "$(inherited) @executable_path/Frameworks @loader_path/Frameworks";
				PRODUCT_BUNDLE_IDENTIFIER = "com.Click.Force.TestProject-NativeAdvancedTests";
				PRODUCT_NAME = "$(TARGET_NAME)";
				TARGETED_DEVICE_FAMILY = "1,2";
				TEST_HOST = "$(BUILT_PRODUCTS_DIR)/TestProject_NativeAdvanced.app/TestProject_NativeAdvanced";
			};
			name = Debug;
		};
		221629DA1FBA7D46002BC806 /* Release */ = {
			isa = XCBuildConfiguration;
			buildSettings = {
				BUNDLE_LOADER = "$(TEST_HOST)";
				CODE_SIGN_STYLE = Automatic;
				INFOPLIST_FILE = TestProject_NativeAdvancedTests/Info.plist;
				LD_RUNPATH_SEARCH_PATHS = "$(inherited) @executable_path/Frameworks @loader_path/Frameworks";
				PRODUCT_BUNDLE_IDENTIFIER = "com.Click.Force.TestProject-NativeAdvancedTests";
				PRODUCT_NAME = "$(TARGET_NAME)";
				TARGETED_DEVICE_FAMILY = "1,2";
				TEST_HOST = "$(BUILT_PRODUCTS_DIR)/TestProject_NativeAdvanced.app/TestProject_NativeAdvanced";
			};
			name = Release;
		};
		221629DC1FBA7D46002BC806 /* Debug */ = {
			isa = XCBuildConfiguration;
			buildSettings = {
				CODE_SIGN_STYLE = Automatic;
				INFOPLIST_FILE = TestProject_NativeAdvancedUITests/Info.plist;
				LD_RUNPATH_SEARCH_PATHS = "$(inherited) @executable_path/Frameworks @loader_path/Frameworks";
				PRODUCT_BUNDLE_IDENTIFIER = "com.Click.Force.TestProject-NativeAdvancedUITests";
				PRODUCT_NAME = "$(TARGET_NAME)";
				TARGETED_DEVICE_FAMILY = "1,2";
				TEST_TARGET_NAME = TestProject_NativeAdvanced;
			};
			name = Debug;
		};
		221629DD1FBA7D46002BC806 /* Release */ = {
			isa = XCBuildConfiguration;
			buildSettings = {
				CODE_SIGN_STYLE = Automatic;
				INFOPLIST_FILE = TestProject_NativeAdvancedUITests/Info.plist;
				LD_RUNPATH_SEARCH_PATHS = "$(inherited) @executable_path/Frameworks @loader_path/Frameworks";
				PRODUCT_BUNDLE_IDENTIFIER = "com.Click.Force.TestProject-NativeAdvancedUITests";
				PRODUCT_NAME = "$(TARGET_NAME)";
				TARGETED_DEVICE_FAMILY = "1,2";
				TEST_TARGET_NAME = TestProject_NativeAdvanced;
			};
			name = Release;
		};
/* End XCBuildConfiguration section */

/* Begin XCConfigurationList section */
		221629A11FBA7D45002BC806 /* Build configuration list for PBXProject "TestProject_NativeAdvanced" */ = {
			isa = XCConfigurationList;
			buildConfigurations = (
				221629D31FBA7D46002BC806 /* Debug */,
				221629D41FBA7D46002BC806 /* Release */,
			);
			defaultConfigurationIsVisible = 0;
			defaultConfigurationName = Release;
		};
		221629D51FBA7D46002BC806 /* Build configuration list for PBXNativeTarget "TestProject_NativeAdvanced" */ = {
			isa = XCConfigurationList;
			buildConfigurations = (
				221629D61FBA7D46002BC806 /* Debug */,
				221629D71FBA7D46002BC806 /* Release */,
			);
			defaultConfigurationIsVisible = 0;
			defaultConfigurationName = Release;
		};
		221629D81FBA7D46002BC806 /* Build configuration list for PBXNativeTarget "TestProject_NativeAdvancedTests" */ = {
			isa = XCConfigurationList;
			buildConfigurations = (
				221629D91FBA7D46002BC806 /* Debug */,
				221629DA1FBA7D46002BC806 /* Release */,
			);
			defaultConfigurationIsVisible = 0;
			defaultConfigurationName = Release;
		};
		221629DB1FBA7D46002BC806 /* Build configuration list for PBXNativeTarget "TestProject_NativeAdvancedUITests" */ = {
			isa = XCConfigurationList;
			buildConfigurations = (
				221629DC1FBA7D46002BC806 /* Debug */,
				221629DD1FBA7D46002BC806 /* Release */,
			);
			defaultConfigurationIsVisible = 0;
			defaultConfigurationName = Release;
		};
/* End XCConfigurationList section */

/* Begin XCVersionGroup section */
		221629B21FBA7D46002BC806 /* TestProject_NativeAdvanced.xcdatamodeld */ = {
			isa = XCVersionGroup;
			children = (
				221629B31FBA7D46002BC806 /* TestProject_NativeAdvanced.xcdatamodel */,
			);
			currentVersion = 221629B31FBA7D46002BC806 /* TestProject_NativeAdvanced.xcdatamodel */;
			path = TestProject_NativeAdvanced.xcdatamodeld;
			sourceTree = "<group>";
			versionGroupType = wrapper.xcdatamodel;
		};
/* End XCVersionGroup section */
	};
	rootObject = 2216299E1FBA7D45002BC806 /* Project object */;
}
